
Microsoft Visual Studio Solution File, Format Version 11.00
# Visual Studio 2010
Project("{FAE04EC0-301F-11D3-BF4B-00C04F79EFBC}") = "DungeonEscape", "DungeonEscape\DungeonEscape\DungeonEscape.csproj", "{21C7BA7B-517F-4262-9F8B-C2A74BEF39EA}"
EndProject
Project("{96E2B04D-8817-42C6-938A-82C39BA4D311}") = "DungeonEscapeContent", "DungeonEscape\DungeonEscapeContent\DungeonEscapeContent.contentproj", "{74C3EA93-2152-4D30-9AA3-38CC6C5458DD}"
EndProject
Global
	GlobalSection(SolutionConfigurationPlatforms) = preSolution
		Debug|x86 = Debug|x86
		Release|x86 = Release|x86
	EndGlobalSection
	GlobalSection(ProjectConfigurationPlatforms) = postSolution
		{21C7BA7B-517F-4262-9F8B-C2A74BEF39EA}.Debug|x86.ActiveCfg = Debug|x86
		{21C7BA7B-517F-4262-9F8B-C2A74BEF39EA}.Debug|x86.Build.0 = Debug|x86
		{21C7BA7B-517F-4262-9F8B-C2A74BEF39EA}.Release|x86.ActiveCfg = Release|x86
		{21C7BA7B-517F-4262-9F8B-C2A74BEF39EA}.Release|x86.Build.0 = Release|x86
		{74C3EA93-2152-4D30-9AA3-38CC6C5458DD}.Debug|x86.ActiveCfg = Debug|x86
		{74C3EA93-2152-4D30-9AA3-38CC6C5458DD}.Release|x86.ActiveCfg = Release|x86
	EndGlobalSection
	GlobalSection(SolutionProperties) = preSolution
		HideSolutionNode = FALSE
	EndGlobalSection
EndGlobal
